<?xml version="1.0" encoding="utf-8"?>
<Project ToolsVersion="4.0" xmlns="http://schemas.microsoft.com/developer/msbuild/2003">
  <ItemGroup>
    <Filter Include="Source Files">
      <UniqueIdentifier>{c99cbccf-3ae6-4c74-8776-78ab11629f7b}</UniqueIdentifier>
      <Extensions>cpp;c;cxx;rc;def;r;odl;idl;hpj;bat</Extensions>
    </Filter>
    <Filter Include="Source Files\DataGrid Source">
      <UniqueIdentifier>{bff1c7ab-e9e1-4760-91e9-7b3af4580af1}</UniqueIdentifier>
    </Filter>
    <Filter Include="Source Files\GridCtrl Sourse">
      <UniqueIdentifier>{eb1a39ca-79bf-4a3a-95db-b0fe579e58b8}</UniqueIdentifier>
    </Filter>
    <Filter Include="Header Files">
      <UniqueIdentifier>{f3542675-95b5-41b2-8084-63ca78f390e8}</UniqueIdentifier>
      <Extensions>h;hpp;hxx;hm;inl</Extensions>
    </Filter>
    <Filter Include="Header Files\DataGrid Headers">
      <UniqueIdentifier>{68db0e13-daaf-49b7-892a-8efb19c5bf65}</UniqueIdentifier>
    </Filter>
    <Filter Include="Header Files\GridCtrl Headers">
      <UniqueIdentifier>{2fc4ca97-955c-47b8-9438-70bb16796fde}</UniqueIdentifier>
    </Filter>
    <Filter Include="Resource Files">
      <UniqueIdentifier>{19e0f1b1-5faf-459e-bb8f-06d0d76417b1}</UniqueIdentifier>
      <Extensions>ico;cur;bmp;dlg;rc2;rct;bin;rgs;gif;jpg;jpeg;jpe</Extensions>
    </Filter>
  </ItemGroup>
  <ItemGroup>
    <ClCompile Include="DataComboBox.cpp">
      <Filter>Source Files\DataGrid Source</Filter>
    </ClCompile>
    <ClCompile Include="DataGrid.cpp">
      <Filter>Source Files\DataGrid Source</Filter>
    </ClCompile>
    <ClCompile Include="DDXFields.cpp">
      <Filter>Source Files\DataGrid Source</Filter>
    </ClCompile>
    <ClCompile Include="ExString.cpp">
      <Filter>Source Files\DataGrid Source</Filter>
    </ClCompile>
    <ClCompile Include="GridCtrl_src\GridCell.cpp">
      <Filter>Source Files\GridCtrl Sourse</Filter>
    </ClCompile>
    <ClCompile Include="GridCtrl_src\GridCellBase.cpp">
      <Filter>Source Files\GridCtrl Sourse</Filter>
    </ClCompile>
    <ClCompile Include="GridCtrl_src\GridCtrl.cpp">
      <Filter>Source Files\GridCtrl Sourse</Filter>
    </ClCompile>
    <ClCompile Include="GridCtrl_src\GridDropTarget.cpp">
      <Filter>Source Files\GridCtrl Sourse</Filter>
    </ClCompile>
    <ClCompile Include="GridCtrl_src\InPlaceEdit.cpp">
      <Filter>Source Files\GridCtrl Sourse</Filter>
    </ClCompile>
    <ClCompile Include="GridCtrl_src\TitleTip.cpp">
      <Filter>Source Files\GridCtrl Sourse</Filter>
    </ClCompile>
    <ClCompile Include="BtnST.cpp">
      <Filter>Source Files</Filter>
    </ClCompile>
    <ClCompile Include="DataGrid_Demo.cpp">
      <Filter>Source Files</Filter>
    </ClCompile>
    <ClCompile Include="DataGrid_DemoDlg.cpp">
      <Filter>Source Files</Filter>
    </ClCompile>
    <ClCompile Include="DialEdit.cpp">
      <Filter>Source Files</Filter>
    </ClCompile>
    <ClCompile Include="DialFind.cpp">
      <Filter>Source Files</Filter>
    </ClCompile>
    <ClCompile Include="HyperLink.cpp">
      <Filter>Source Files</Filter>
    </ClCompile>
    <ClCompile Include="StdAfx.cpp">
      <Filter>Source Files</Filter>
    </ClCompile>
  </ItemGroup>
  <ItemGroup>
    <ResourceCompile Include="DataGrid_Demo.rc">
      <Filter>Source Files</Filter>
    </ResourceCompile>
  </ItemGroup>
  <ItemGroup>
    <ClInclude Include="DataComboBox.h">
      <Filter>Header Files\DataGrid Headers</Filter>
    </ClInclude>
    <ClInclude Include="DataGrid.h">
      <Filter>Header Files\DataGrid Headers</Filter>
    </ClInclude>
    <ClInclude Include="DDXFields.h">
      <Filter>Header Files\DataGrid Headers</Filter>
    </ClInclude>
    <ClInclude Include="GridCtrl_src\CellRange.h">
      <Filter>Header Files\GridCtrl Headers</Filter>
    </ClInclude>
    <ClInclude Include="GridCtrl_src\GridCell.h">
      <Filter>Header Files\GridCtrl Headers</Filter>
    </ClInclude>
    <ClInclude Include="GridCtrl_src\GridCellBase.h">
      <Filter>Header Files\GridCtrl Headers</Filter>
    </ClInclude>
    <ClInclude Include="GridCtrl_src\GridCtrl.h">
      <Filter>Header Files\GridCtrl Headers</Filter>
    </ClInclude>
    <ClInclude Include="GridCtrl_src\GridDropTarget.h">
      <Filter>Header Files\GridCtrl Headers</Filter>
    </ClInclude>
    <ClInclude Include="GridCtrl_src\InPlaceEdit.h">
      <Filter>Header Files\GridCtrl Headers</Filter>
    </ClInclude>
    <ClInclude Include="GridCtrl_src\MemDC.h">
      <Filter>Header Files\GridCtrl Headers</Filter>
    </ClInclude>
    <ClInclude Include="GridCtrl_src\TitleTip.h">
      <Filter>Header Files\GridCtrl Headers</Filter>
    </ClInclude>
    <ClInclude Include="BtnST.h">
      <Filter>Header Files</Filter>
    </ClInclude>
    <ClInclude Include="DataGrid_Demo.h">
      <Filter>Header Files</Filter>
    </ClInclude>
    <ClInclude Include="DataGrid_DemoDlg.h">
      <Filter>Header Files</Filter>
    </ClInclude>
    <ClInclude Include="DialEdit.h">
      <Filter>Header Files</Filter>
    </ClInclude>
    <ClInclude Include="DialFind.h">
      <Filter>Header Files</Filter>
    </ClInclude>
    <ClInclude Include="HyperLink.h">
      <Filter>Header Files</Filter>
    </ClInclude>
    <ClInclude Include="Resource.h">
      <Filter>Header Files</Filter>
    </ClInclude>
    <ClInclude Include="StdAfx.h">
      <Filter>Header Files</Filter>
    </ClInclude>
    <ClInclude Include="ExString.h">
      <Filter>Header Files\DataGrid Headers</Filter>
    </ClInclude>
  </ItemGroup>
  <ItemGroup>
    <CustomBuild Include="res\add.bmp">
      <Filter>Resource Files</Filter>
    </CustomBuild>
    <CustomBuild Include="res\bmp00001.bmp">
      <Filter>Resource Files</Filter>
    </CustomBuild>
    <CustomBuild Include="res\copy.bmp">
      <Filter>Resource Files</Filter>
    </CustomBuild>
    <CustomBuild Include="res\DataGrid_Demo.ico">
      <Filter>Resource Files</Filter>
    </CustomBuild>
    <CustomBuild Include="res\DataGrid_Demo.rc2">
      <Filter>Resource Files</Filter>
    </CustomBuild>
    <CustomBuild Include="res\del.bmp">
      <Filter>Resource Files</Filter>
    </CustomBuild>
    <CustomBuild Include="res\edit.bmp">
      <Filter>Resource Files</Filter>
    </CustomBuild>
    <CustomBuild Include="res\save.bmp">
      <Filter>Resource Files</Filter>
    </CustomBuild>
    <CustomBuild Include="ReadMe.txt" />
  </ItemGroup>
</Project>